// !$*UTF8*$!
{
	archiveVersion = 1;
	classes = {
	};
	objectVersion = 50;
	objects = {

/* Begin PBXBuildFile section */
		9840761121653A970056A76E /* DecimalMinusTextField.swift in Sources */ = {isa = PBXBuildFile; fileRef = 9840761021653A970056A76E /* DecimalMinusTextField.swift */; };
		98631B852152C06300759B14 /* AppDelegate.swift in Sources */ = {isa = PBXBuildFile; fileRef = 98631B842152C06300759B14 /* AppDelegate.swift */; };
		98631B872152C06300759B14 /* ViewController.swift in Sources */ = {isa = PBXBuildFile; fileRef = 98631B862152C06300759B14 /* ViewController.swift */; };
		98631B8A2152C06300759B14 /* Main.storyboard in Resources */ = {isa = PBXBuildFile; fileRef = 98631B882152C06300759B14 /* Main.storyboard */; };
		98631B8C2152C06500759B14 /* Assets.xcassets in Resources */ = {isa = PBXBuildFile; fileRef = 98631B8B2152C06500759B14 /* Assets.xcassets */; };
		98631B8F2152C06500759B14 /* LaunchScreen.storyboard in Resources */ = {isa = PBXBuildFile; fileRef = 98631B8D2152C06500759B14 /* LaunchScreen.storyboard */; };
		98631B9A2152C06500759B14 /* calculatorTests.swift in Sources */ = {isa = PBXBuildFile; fileRef = 98631B992152C06500759B14 /* calculatorTests.swift */; };
		98631BA52152C06500759B14 /* calculatorUITests.swift in Sources */ = {isa = PBXBuildFile; fileRef = 98631BA42152C06500759B14 /* calculatorUITests.swift */; };
		9870697F215D5B90002B3CAB /* ConversionCalcTextField.swift in Sources */ = {isa = PBXBuildFile; fileRef = 9870697E215D5B90002B3CAB /* ConversionCalcTextField.swift */; };
		98706981215D5E19002B3CAB /* ConversionCalcLabel.swift in Sources */ = {isa = PBXBuildFile; fileRef = 98706980215D5E19002B3CAB /* ConversionCalcLabel.swift */; };
		98706983215D5E78002B3CAB /* ConversionCalcButton.swift in Sources */ = {isa = PBXBuildFile; fileRef = 98706982215D5E78002B3CAB /* ConversionCalcButton.swift */; };
		98F2E0982158106F004691DB /* SettingsViewController.swift in Sources */ = {isa = PBXBuildFile; fileRef = 98F2E0972158106F004691DB /* SettingsViewController.swift */; };
		98F2E09A21583A9E004691DB /* UnitsAndModes.swift in Sources */ = {isa = PBXBuildFile; fileRef = 98F2E09921583A9E004691DB /* UnitsAndModes.swift */; };
/* End PBXBuildFile section */

/* Begin PBXContainerItemProxy section */
		98631B962152C06500759B14 /* PBXContainerItemProxy */ = {
			isa = PBXContainerItemProxy;
			containerPortal = 98631B792152C06300759B14 /* Project object */;
			proxyType = 1;
			remoteGlobalIDString = 98631B802152C06300759B14;
			remoteInfo = calculator;
		};
		98631BA12152C06500759B14 /* PBXContainerItemProxy */ = {
			isa = PBXContainerItemProxy;
			containerPortal = 98631B792152C06300759B14 /* Project object */;
			proxyType = 1;
			remoteGlobalIDString = 98631B802152C06300759B14;
			remoteInfo = calculator;
		};
/* End PBXContainerItemProxy section */

/* Begin PBXFileReference section */
		9840761021653A970056A76E /* DecimalMinusTextField.swift */ = {isa = PBXFileReference; fileEncoding = 4; lastKnownFileType = sourcecode.swift; name = DecimalMinusTextField.swift; path = ../../Mobile/hw3/calculator/calculator/DecimalMinusTextField.swift; sourceTree = "<group>"; };
		98631B812152C06300759B14 /* calculator.app */ = {isa = PBXFileReference; explicitFileType = wrapper.application; includeInIndex = 0; path = calculator.app; sourceTree = BUILT_PRODUCTS_DIR; };
		98631B842152C06300759B14 /* AppDelegate.swift */ = {isa = PBXFileReference; lastKnownFileType = sourcecode.swift; path = AppDelegate.swift; sourceTree = "<group>"; };
		98631B862152C06300759B14 /* ViewController.swift */ = {isa = PBXFileReference; lastKnownFileType = sourcecode.swift; path = ViewController.swift; sourceTree = "<group>"; };
		98631B892152C06300759B14 /* Base */ = {isa = PBXFileReference; lastKnownFileType = file.storyboard; name = Base; path = Base.lproj/Main.storyboard; sourceTree = "<group>"; };
		98631B8B2152C06500759B14 /* Assets.xcassets */ = {isa = PBXFileReference; lastKnownFileType = folder.assetcatalog; path = Assets.xcassets; sourceTree = "<group>"; };
		98631B8E2152C06500759B14 /* Base */ = {isa = PBXFileReference; lastKnownFileType = file.storyboard; name = Base; path = Base.lproj/LaunchScreen.storyboard; sourceTree = "<group>"; };
		98631B902152C06500759B14 /* Info.plist */ = {isa = PBXFileReference; lastKnownFileType = text.plist.xml; path = Info.plist; sourceTree = "<group>"; };
		98631B952152C06500759B14 /* calculatorTests.xctest */ = {isa = PBXFileReference; explicitFileType = wrapper.cfbundle; includeInIndex = 0; path = calculatorTests.xctest; sourceTree = BUILT_PRODUCTS_DIR; };
		98631B992152C06500759B14 /* calculatorTests.swift */ = {isa = PBXFileReference; lastKnownFileType = sourcecode.swift; path = calculatorTests.swift; sourceTree = "<group>"; };
		98631B9B2152C06500759B14 /* Info.plist */ = {isa = PBXFileReference; lastKnownFileType = text.plist.xml; path = Info.plist; sourceTree = "<group>"; };
		98631BA02152C06500759B14 /* calculatorUITests.xctest */ = {isa = PBXFileReference; explicitFileType = wrapper.cfbundle; includeInIndex = 0; path = calculatorUITests.xctest; sourceTree = BUILT_PRODUCTS_DIR; };
		98631BA42152C06500759B14 /* calculatorUITests.swift */ = {isa = PBXFileReference; lastKnownFileType = sourcecode.swift; path = calculatorUITests.swift; sourceTree = "<group>"; };
		98631BA62152C06500759B14 /* Info.plist */ = {isa = PBXFileReference; lastKnownFileType = text.plist.xml; path = Info.plist; sourceTree = "<group>"; };
		9870697E215D5B90002B3CAB /* ConversionCalcTextField.swift */ = {isa = PBXFileReference; lastKnownFileType = sourcecode.swift; path = ConversionCalcTextField.swift; sourceTree = "<group>"; };
		98706980215D5E19002B3CAB /* ConversionCalcLabel.swift */ = {isa = PBXFileReference; lastKnownFileType = sourcecode.swift; path = ConversionCalcLabel.swift; sourceTree = "<group>"; };
		98706982215D5E78002B3CAB /* ConversionCalcButton.swift */ = {isa = PBXFileReference; lastKnownFileType = sourcecode.swift; path = ConversionCalcButton.swift; sourceTree = "<group>"; };
		98F2E0972158106F004691DB /* SettingsViewController.swift */ = {isa = PBXFileReference; lastKnownFileType = sourcecode.swift; name = SettingsViewController.swift; path = ../SettingsViewController.swift; sourceTree = "<group>"; };
		98F2E09921583A9E004691DB /* UnitsAndModes.swift */ = {isa = PBXFileReference; fileEncoding = 4; lastKnownFileType = sourcecode.swift; path = UnitsAndModes.swift; sourceTree = "<group>"; };
/* End PBXFileReference section */

/* Begin PBXFrameworksBuildPhase section */
		98631B7E2152C06300759B14 /* Frameworks */ = {
			isa = PBXFrameworksBuildPhase;
			buildActionMask = 2147483647;
			files = (
			);
			runOnlyForDeploymentPostprocessing = 0;
		};
		98631B922152C06500759B14 /* Frameworks */ = {
			isa = PBXFrameworksBuildPhase;
			buildActionMask = 2147483647;
			files = (
			);
			runOnlyForDeploymentPostprocessing = 0;
		};
		98631B9D2152C06500759B14 /* Frameworks */ = {
			isa = PBXFrameworksBuildPhase;
			buildActionMask = 2147483647;
			files = (
			);
			runOnlyForDeploymentPostprocessing = 0;
		};
/* End PBXFrameworksBuildPhase section */

/* Begin PBXGroup section */
		98631B782152C06300759B14 = {
			isa = PBXGroup;
			children = (
				98631B832152C06300759B14 /* calculator */,
				98631B982152C06500759B14 /* calculatorTests */,
				98631BA32152C06500759B14 /* calculatorUITests */,
				98631B822152C06300759B14 /* Products */,
			);
			sourceTree = "<group>";
		};
		98631B822152C06300759B14 /* Products */ = {
			isa = PBXGroup;
			children = (
				98631B812152C06300759B14 /* calculator.app */,
				98631B952152C06500759B14 /* calculatorTests.xctest */,
				98631BA02152C06500759B14 /* calculatorUITests.xctest */,
			);
			name = Products;
			sourceTree = "<group>";
		};
		98631B832152C06300759B14 /* calculator */ = {
			isa = PBXGroup;
			children = (
				98F2E0972158106F004691DB /* SettingsViewController.swift */,
				9840761021653A970056A76E /* DecimalMinusTextField.swift */,
				98631B842152C06300759B14 /* AppDelegate.swift */,
				98631B862152C06300759B14 /* ViewController.swift */,
				98631B882152C06300759B14 /* Main.storyboard */,
				98F2E09921583A9E004691DB /* UnitsAndModes.swift */,
				98631B8B2152C06500759B14 /* Assets.xcassets */,
				98631B8D2152C06500759B14 /* LaunchScreen.storyboard */,
				98631B902152C06500759B14 /* Info.plist */,
				9870697E215D5B90002B3CAB /* ConversionCalcTextField.swift */,
				98706980215D5E19002B3CAB /* ConversionCalcLabel.swift */,
				98706982215D5E78002B3CAB /* ConversionCalcButton.swift */,
			);
			path = calculator;
			sourceTree = "<group>";
		};
		98631B982152C06500759B14 /* calculatorTests */ = {
			isa = PBXGroup;
			children = (
				98631B992152C06500759B14 /* calculatorTests.swift */,
				98631B9B2152C06500759B14 /* Info.plist */,
			);
			path = calculatorTests;
			sourceTree = "<group>";
		};
		98631BA32152C06500759B14 /* calculatorUITests */ = {
			isa = PBXGroup;
			children = (
				98631BA42152C06500759B14 /* calculatorUITests.swift */,
				98631BA62152C06500759B14 /* Info.plist */,
			);
			path = calculatorUITests;
			sourceTree = "<group>";
		};
/* End PBXGroup section */

/* Begin PBXNativeTarget section */
		98631B802152C06300759B14 /* calculator */ = {
			isa = PBXNativeTarget;
			buildConfigurationList = 98631BA92152C06500759B14 /* Build configuration list for PBXNativeTarget "calculator" */;
			buildPhases = (
				98631B7D2152C06300759B14 /* Sources */,
				98631B7E2152C06300759B14 /* Frameworks */,
				98631B7F2152C06300759B14 /* Resources */,
			);
			buildRules = (
			);
			dependencies = (
			);
			name = calculator;
			productName = calculator;
			productReference = 98631B812152C06300759B14 /* calculator.app */;
			productType = "com.apple.product-type.application";
		};
		98631B942152C06500759B14 /* calculatorTests */ = {
			isa = PBXNativeTarget;
			buildConfigurationList = 98631BAC2152C06500759B14 /* Build configuration list for PBXNativeTarget "calculatorTests" */;
			buildPhases = (
				98631B912152C06500759B14 /* Sources */,
				98631B922152C06500759B14 /* Frameworks */,
				98631B932152C06500759B14 /* Resources */,
			);
			buildRules = (
			);
			dependencies = (
				98631B972152C06500759B14 /* PBXTargetDependency */,
			);
			name = calculatorTests;
			productName = calculatorTests;
			productReference = 98631B952152C06500759B14 /* calculatorTests.xctest */;
			productType = "com.apple.product-type.bundle.unit-test";
		};
		98631B9F2152C06500759B14 /* calculatorUITests */ = {
			isa = PBXNativeTarget;
			buildConfigurationList = 98631BAF2152C06500759B14 /* Build configuration list for PBXNativeTarget "calculatorUITests" */;
			buildPhases = (
				98631B9C2152C06500759B14 /* Sources */,
				98631B9D2152C06500759B14 /* Frameworks */,
				98631B9E2152C06500759B14 /* Resources */,
			);
			buildRules = (
			);
			dependencies = (
				98631BA22152C06500759B14 /* PBXTargetDependency */,
			);
			name = calculatorUITests;
			productName = calculatorUITests;
			productReference = 98631BA02152C06500759B14 /* calculatorUITests.xctest */;
			productType = "com.apple.product-type.bundle.ui-testing";
		};
/* End PBXNativeTarget section */

/* Begin PBXProject section */
		98631B792152C06300759B14 /* Project object */ = {
			isa = PBXProject;
			attributes = {
				LastSwiftUpdateCheck = 0940;
				LastUpgradeCheck = 0940;
				ORGANIZATIONNAME = "Rosa Fleming";
				TargetAttributes = {
					98631B802152C06300759B14 = {
						CreatedOnToolsVersion = 9.4.1;
					};
					98631B942152C06500759B14 = {
						CreatedOnToolsVersion = 9.4.1;
						TestTargetID = 98631B802152C06300759B14;
					};
					98631B9F2152C06500759B14 = {
						CreatedOnToolsVersion = 9.4.1;
						TestTargetID = 98631B802152C06300759B14;
					};
				};
			};
			buildConfigurationList = 98631B7C2152C06300759B14 /* Build configuration list for PBXProject "calculator" */;
			compatibilityVersion = "Xcode 9.3";
			developmentRegion = en;
			hasScannedForEncodings = 0;
			knownRegions = (
				en,
				Base,
			);
			mainGroup = 98631B782152C06300759B14;
			productRefGroup = 98631B822152C06300759B14 /* Products */;
			projectDirPath = "";
			projectRoot = "";
			targets = (
				98631B802152C06300759B14 /* calculator */,
				98631B942152C06500759B14 /* calculatorTests */,
				98631B9F2152C06500759B14 /* calculatorUITests */,
			);
		};
/* End PBXProject section */

/* Begin PBXResourcesBuildPhase section */
		98631B7F2152C06300759B14 /* Resources */ = {
			isa = PBXResourcesBuildPhase;
			buildActionMask = 2147483647;
			files = (
				98631B8F2152C06500759B14 /* LaunchScreen.storyboard in Resources */,
				98631B8C2152C06500759B14 /* Assets.xcassets in Resources */,
				98631B8A2152C06300759B14 /* Main.storyboard in Resources */,
			);
			runOnlyForDeploymentPostprocessing = 0;
		};
		98631B932152C06500759B14 /* Resources */ = {
			isa = PBXResourcesBuildPhase;
			buildActionMask = 2147483647;
			files = (
			);
			runOnlyForDeploymentPostprocessing = 0;
		};
		98631B9E2152C06500759B14 /* Resources */ = {
			isa = PBXResourcesBuildPhase;
			buildActionMask = 2147483647;
			files = (
			);
			runOnlyForDeploymentPostprocessing = 0;
		};
/* End PBXResourcesBuildPhase section */

/* Begin PBXSourcesBuildPhase section */
		98631B7D2152C06300759B14 /* Sources */ = {
			isa = PBXSourcesBuildPhase;
			buildActionMask = 2147483647;
			files = (
				9870697F215D5B90002B3CAB /* ConversionCalcTextField.swift in Sources */,
				98706983215D5E78002B3CAB /* ConversionCalcButton.swift in Sources */,
				9840761121653A970056A76E /* DecimalMinusTextField.swift in Sources */,
				98631B872152C06300759B14 /* ViewController.swift in Sources */,
				98706981215D5E19002B3CAB /* ConversionCalcLabel.swift in Sources */,
				98F2E09A21583A9E004691DB /* UnitsAndModes.swift in Sources */,
				98631B852152C06300759B14 /* AppDelegate.swift in Sources */,
				98F2E0982158106F004691DB /* SettingsViewController.swift in Sources */,
			);
			runOnlyForDeploymentPostprocessing = 0;
		};
		98631B912152C06500759B14 /* Sources */ = {
			isa = PBXSourcesBuildPhase;
			buildActionMask = 2147483647;
			files = (
				98631B9A2152C06500759B14 /* calculatorTests.swift in Sources */,
			);
			runOnlyForDeploymentPostprocessing = 0;
		};
		98631B9C2152C06500759B14 /* Sources */ = {
			isa = PBXSourcesBuildPhase;
			buildActionMask = 2147483647;
			files = (
				98631BA52152C06500759B14 /* calculatorUITests.swift in Sources */,
			);
			runOnlyForDeploymentPostprocessing = 0;
		};
/* End PBXSourcesBuildPhase section */

/* Begin PBXTargetDependency section */
		98631B972152C06500759B14 /* PBXTargetDependency */ = {
			isa = PBXTargetDependency;
			target = 98631B802152C06300759B14 /* calculator */;
			targetProxy = 98631B962152C06500759B14 /* PBXContainerItemProxy */;
		};
		98631BA22152C06500759B14 /* PBXTargetDependency */ = {
			isa = PBXTargetDependency;
			target = 98631B802152C06300759B14 /* calculator */;
			targetProxy = 98631BA12152C06500759B14 /* PBXContainerItemProxy */;
		};
/* End PBXTargetDependency section */

/* Begin PBXVariantGroup section */
		98631B882152C06300759B14 /* Main.storyboard */ = {
			isa = PBXVariantGroup;
			children = (
				98631B892152C06300759B14 /* Base */,
			);
			name = Main.storyboard;
			sourceTree = "<group>";
		};
		98631B8D2152C06500759B14 /* LaunchScreen.storyboard */ = {
			isa = PBXVariantGroup;
			children = (
				98631B8E2152C06500759B14 /* Base */,
			);
			name = LaunchScreen.storyboard;
			sourceTree = "<group>";
		};
/* End PBXVariantGroup section */

/* Begin XCBuildConfiguration section */
		98631BA72152C06500759B14 /* Debug */ = {
			isa = XCBuildConfiguration;
			buildSettings = {
				ALWAYS_SEARCH_USER_PATHS = NO;
				CLANG_ANALYZER_NONNULL = YES;
				CLANG_ANALYZER_NUMBER_OBJECT_CONVERSION = YES_AGGRESSIVE;
				CLANG_CXX_LANGUAGE_STANDARD = "gnu++14";
				CLANG_CXX_LIBRARY = "libc++";
				CLANG_ENABLE_MODULES = YES;
				CLANG_ENABLE_OBJC_ARC = YES;
				CLANG_ENABLE_OBJC_WEAK = YES;
				CLANG_WARN_BLOCK_CAPTURE_AUTORELEASING = YES;
				CLANG_WARN_BOOL_CONVERSION = YES;
				CLANG_WARN_COMMA = YES;
				CLANG_WARN_CONSTANT_CONVERSION = YES;
				CLANG_WARN_DEPRECATED_OBJC_IMPLEMENTATIONS = YES;
				CLANG_WARN_DIRECT_OBJC_ISA_USAGE = YES_ERROR;
				CLANG_WARN_DOCUMENTATION_COMMENTS = YES;
				CLANG_WARN_EMPTY_BODY = YES;
				CLANG_WARN_ENUM_CONVERSION = YES;
				CLANG_WARN_INFINITE_RECURSION = YES;
				CLANG_WARN_INT_CONVERSION = YES;
				CLANG_WARN_NON_LITERAL_NULL_CONVERSION = YES;
				CLANG_WARN_OBJC_IMPLICIT_RETAIN_SELF = YES;
				CLANG_WARN_OBJC_LITERAL_CONVERSION = YES;
				CLANG_WARN_OBJC_ROOT_CLASS = YES_ERROR;
				CLANG_WARN_RANGE_LOOP_ANALYSIS = YES;
				CLANG_WARN_STRICT_PROTOTYPES = YES;
				CLANG_WARN_SUSPICIOUS_MOVE = YES;
				CLANG_WARN_UNGUARDED_AVAILABILITY = YES_AGGRESSIVE;
				CLANG_WARN_UNREACHABLE_CODE = YES;
				CLANG_WARN__DUPLICATE_METHOD_MATCH = YES;
				CODE_SIGN_IDENTITY = "iPhone Developer";
				COPY_PHASE_STRIP = NO;
				DEBUG_INFORMATION_FORMAT = dwarf;
				ENABLE_STRICT_OBJC_MSGSEND = YES;
				ENABLE_TESTABILITY = YES;
				GCC_C_LANGUAGE_STANDARD = gnu11;
				GCC_DYNAMIC_NO_PIC = NO;
				GCC_NO_COMMON_BLOCKS = YES;
				GCC_OPTIMIZATION_LEVEL = 0;
				GCC_PREPROCESSOR_DEFINITIONS = (
					"DEBUG=1",
					"$(inherited)",
				);
				GCC_WARN_64_TO_32_BIT_CONVERSION = YES;
				GCC_WARN_ABOUT_RETURN_TYPE = YES_ERROR;
				GCC_WARN_UNDECLARED_SELECTOR = YES;
				GCC_WARN_UNINITIALIZED_AUTOS = YES_AGGRESSIVE;
				GCC_WARN_UNUSED_FUNCTION = YES;
				GCC_WARN_UNUSED_VARIABLE = YES;
				IPHONEOS_DEPLOYMENT_TARGET = 11.4;
				MTL_ENABLE_DEBUG_INFO = YES;
				ONLY_ACTIVE_ARCH = YES;
				SDKROOT = iphoneos;
				SWIFT_ACTIVE_COMPILATION_CONDITIONS = DEBUG;
				SWIFT_OPTIMIZATION_LEVEL = "-Onone";
			};
			name = Debug;
		};
		98631BA82152C06500759B14 /* Release */ = {
			isa = XCBuildConfiguration;
			buildSettings = {
				ALWAYS_SEARCH_USER_PATHS = NO;
				CLANG_ANALYZER_NONNULL = YES;
				CLANG_ANALYZER_NUMBER_OBJECT_CONVERSION = YES_AGGRESSIVE;
				CLANG_CXX_LANGUAGE_STANDARD = "gnu++14";
				CLANG_CXX_LIBRARY = "libc++";
				CLANG_ENABLE_MODULES = YES;
				CLANG_ENABLE_OBJC_ARC = YES;
				CLANG_ENABLE_OBJC_WEAK = YES;
				CLANG_WARN_BLOCK_CAPTURE_AUTORELEASING = YES;
				CLANG_WARN_BOOL_CONVERSION = YES;
				CLANG_WARN_COMMA = YES;
				CLANG_WARN_CONSTANT_CONVERSION = YES;
				CLANG_WARN_DEPRECATED_OBJC_IMPLEMENTATIONS = YES;
				CLANG_WARN_DIRECT_OBJC_ISA_USAGE = YES_ERROR;
				CLANG_WARN_DOCUMENTATION_COMMENTS = YES;
				CLANG_WARN_EMPTY_BODY = YES;
				CLANG_WARN_ENUM_CONVERSION = YES;
				CLANG_WARN_INFINITE_RECURSION = YES;
				CLANG_WARN_INT_CONVERSION = YES;
				CLANG_WARN_NON_LITERAL_NULL_CONVERSION = YES;
				CLANG_WARN_OBJC_IMPLICIT_RETAIN_SELF = YES;
				CLANG_WARN_OBJC_LITERAL_CONVERSION = YES;
				CLANG_WARN_OBJC_ROOT_CLASS = YES_ERROR;
				CLANG_WARN_RANGE_LOOP_ANALYSIS = YES;
				CLANG_WARN_STRICT_PROTOTYPES = YES;
				CLANG_WARN_SUSPICIOUS_MOVE = YES;
				CLANG_WARN_UNGUARDED_AVAILABILITY = YES_AGGRESSIVE;
				CLANG_WARN_UNREACHABLE_CODE = YES;
				CLANG_WARN__DUPLICATE_METHOD_MATCH = YES;
				CODE_SIGN_IDENTITY = "iPhone Developer";
				COPY_PHASE_STRIP = NO;
				DEBUG_INFORMATION_FORMAT = "dwarf-with-dsym";
				ENABLE_NS_ASSERTIONS = NO;
				ENABLE_STRICT_OBJC_MSGSEND = YES;
				GCC_C_LANGUAGE_STANDARD = gnu11;
				GCC_NO_COMMON_BLOCKS = YES;
				GCC_WARN_64_TO_32_BIT_CONVERSION = YES;
				GCC_WARN_ABOUT_RETURN_TYPE = YES_ERROR;
				GCC_WARN_UNDECLARED_SELECTOR = YES;
				GCC_WARN_UNINITIALIZED_AUTOS = YES_AGGRESSIVE;
				GCC_WARN_UNUSED_FUNCTION = YES;
				GCC_WARN_UNUSED_VARIABLE = YES;
				IPHONEOS_DEPLOYMENT_TARGET = 11.4;
				MTL_ENABLE_DEBUG_INFO = NO;
				SDKROOT = iphoneos;
				SWIFT_COMPILATION_MODE = wholemodule;
				SWIFT_OPTIMIZATION_LEVEL = "-O";
				VALIDATE_PRODUCT = YES;
			};
			name = Release;
		};
		98631BAA2152C06500759B14 /* Debug */ = {
			isa = XCBuildConfiguration;
			buildSettings = {
				ASSETCATALOG_COMPILER_APPICON_NAME = AppIcon;
				CODE_SIGN_STYLE = Automatic;
				INFOPLIST_FILE = calculator/Info.plist;
				LD_RUNPATH_SEARCH_PATHS = (
					"$(inherited)",
					"@executable_path/Frameworks",
				);
				PRODUCT_BUNDLE_IDENTIFIER = Rosa.calculator;
				PRODUCT_NAME = "$(TARGET_NAME)";
				SWIFT_VERSION = 4.0;
				TARGETED_DEVICE_FAMILY = "1,2";
			};
			name = Debug;
		};
		98631BAB2152C06500759B14 /* Release */ = {
			isa = XCBuildConfiguration;
			buildSettings = {
				ASSETCATALOG_COMPILER_APPICON_NAME = AppIcon;
				CODE_SIGN_STYLE = Automatic;
				INFOPLIST_FILE = calculator/Info.plist;
				LD_RUNPATH_SEARCH_PATHS = (
					"$(inherited)",
					"@executable_path/Frameworks",
				);
				PRODUCT_BUNDLE_IDENTIFIER = Rosa.calculator;
				PRODUCT_NAME = "$(TARGET_NAME)";
				SWIFT_VERSION = 4.0;
				TARGETED_DEVICE_FAMILY = "1,2";
			};
			name = Release;
		};
		98631BAD2152C06500759B14 /* Debug */ = {
			isa = XCBuildConfiguration;
			buildSettings = {
				ALWAYS_EMBED_SWIFT_STANDARD_LIBRARIES = YES;
				BUNDLE_LOADER = "$(TEST_HOST)";
				CODE_SIGN_STYLE = Automatic;
				INFOPLIST_FILE = calculatorTests/Info.plist;
				LD_RUNPATH_SEARCH_PATHS = (
					"$(inherited)",
					"@executable_path/Frameworks",
					"@loader_path/Frameworks",
				);
				PRODUCT_BUNDLE_IDENTIFIER = Rosa.calculatorTests;
				PRODUCT_NAME = "$(TARGET_NAME)";
				SWIFT_VERSION = 4.0;
				TARGETED_DEVICE_FAMILY = "1,2";
				TEST_HOST = "$(BUILT_PRODUCTS_DIR)/calculator.app/calculator";
			};
			name = Debug;
		};
		98631BAE2152C06500759B14 /* Release */ = {
			isa = XCBuildConfiguration;
			buildSettings = {
				ALWAYS_EMBED_SWIFT_STANDARD_LIBRARIES = YES;
				BUNDLE_LOADER = "$(TEST_HOST)";
				CODE_SIGN_STYLE = Automatic;
				INFOPLIST_FILE = calculatorTests/Info.plist;
				LD_RUNPATH_SEARCH_PATHS = (
					"$(inherited)",
					"@executable_path/Frameworks",
					"@loader_path/Frameworks",
				);
				PRODUCT_BUNDLE_IDENTIFIER = Rosa.calculatorTests;
				PRODUCT_NAME = "$(TARGET_NAME)";
				SWIFT_VERSION = 4.0;
				TARGETED_DEVICE_FAMILY = "1,2";
				TEST_HOST = "$(BUILT_PRODUCTS_DIR)/calculator.app/calculator";
			};
			name = Release;
		};
		98631BB02152C06500759B14 /* Debug */ = {
			isa = XCBuildConfiguration;
			buildSettings = {
				ALWAYS_EMBED_SWIFT_STANDARD_LIBRARIES = YES;
				CODE_SIGN_STYLE = Automatic;
				INFOPLIST_FILE = calculatorUITests/Info.plist;
				LD_RUNPATH_SEARCH_PATHS = (
					"$(inherited)",
					"@executable_path/Frameworks",
					"@loader_path/Frameworks",
				);
				PRODUCT_BUNDLE_IDENTIFIER = Rosa.calculatorUITests;
				PRODUCT_NAME = "$(TARGET_NAME)";
				SWIFT_VERSION = 4.0;
				TARGETED_DEVICE_FAMILY = "1,2";
				TEST_TARGET_NAME = calculator;
			};
			name = Debug;
		};
		98631BB12152C06500759B14 /* Release */ = {
			isa = XCBuildConfiguration;
			buildSettings = {
				ALWAYS_EMBED_SWIFT_STANDARD_LIBRARIES = YES;
				CODE_SIGN_STYLE = Automatic;
				INFOPLIST_FILE = calculatorUITests/Info.plist;
				LD_RUNPATH_SEARCH_PATHS = (
					"$(inherited)",
					"@executable_path/Frameworks",
					"@loader_path/Frameworks",
				);
				PRODUCT_BUNDLE_IDENTIFIER = Rosa.calculatorUITests;
				PRODUCT_NAME = "$(TARGET_NAME)";
				SWIFT_VERSION = 4.0;
				TARGETED_DEVICE_FAMILY = "1,2";
				TEST_TARGET_NAME = calculator;
			};
			name = Release;
		};
/* End XCBuildConfiguration section */

/* Begin XCConfigurationList section */
		98631B7C2152C06300759B14 /* Build configuration list for PBXProject "calculator" */ = {
			isa = XCConfigurationList;
			buildConfigurations = (
				98631BA72152C06500759B14 /* Debug */,
				98631BA82152C06500759B14 /* Release */,
			);
			defaultConfigurationIsVisible = 0;
			defaultConfigurationName = Release;
		};
		98631BA92152C06500759B14 /* Build configuration list for PBXNativeTarget "calculator" */ = {
			isa = XCConfigurationList;
			buildConfigurations = (
				98631BAA2152C06500759B14 /* Debug */,
				98631BAB2152C06500759B14 /* Release */,
			);
			defaultConfigurationIsVisible = 0;
			defaultConfigurationName = Release;
		};
		98631BAC2152C06500759B14 /* Build configuration list for PBXNativeTarget "calculatorTests" */ = {
			isa = XCConfigurationList;
			buildConfigurations = (
				98631BAD2152C06500759B14 /* Debug */,
				98631BAE2152C06500759B14 /* Release */,
			);
			defaultConfigurationIsVisible = 0;
			defaultConfigurationName = Release;
		};
		98631BAF2152C06500759B14 /* Build configuration list for PBXNativeTarget "calculatorUITests" */ = {
			isa = XCConfigurationList;
			buildConfigurations = (
				98631BB02152C06500759B14 /* Debug */,
				98631BB12152C06500759B14 /* Release */,
			);
			defaultConfigurationIsVisible = 0;
			defaultConfigurationName = Release;
		};
/* End XCConfigurationList section */
	};
	rootObject = 98631B792152C06300759B14 /* Project object */;
}
